
Microsoft Visual Studio Solution File, Format Version 12.00
# Visual Studio Version 16
VisualStudioVersion = 16.0.29519.181
MinimumVisualStudioVersion = 10.0.40219.1
Project("{FAE04EC0-301F-11D3-BF4B-00C04F79EFBC}") = "OBeautifulCode.String.Recipes", "OBeautifulCode.String.Recipes\OBeautifulCode.String.Recipes.csproj", "{B7B68995-894E-4E78-9F40-32DEBBF67EB1}"
EndProject
Project("{FAE04EC0-301F-11D3-BF4B-00C04F79EFBC}") = "OBeautifulCode.String.Recipes.Test", "OBeautifulCode.String.Recipes.Test\OBeautifulCode.String.Recipes.Test.csproj", "{AA019C1F-F078-42C1-AE3B-D1C3BA7EFBDE}"
EndProject
Project("{2150E333-8FDC-42A3-9474-1A3956D46DE8}") = "Solution Items", "Solution Items", "{D2F21C2E-ADE9-4690-8E98-F300E1EDA973}"
	ProjectSection(SolutionItems) = preProject
		.gitignore = .gitignore
		LICENSE = LICENSE
		README.md = README.md
		RepoConfig.state = RepoConfig.state
	EndProjectSection
EndProject
Global
	GlobalSection(SolutionConfigurationPlatforms) = preSolution
		Debug|Any CPU = Debug|Any CPU
		Release|Any CPU = Release|Any CPU
	EndGlobalSection
	GlobalSection(ProjectConfigurationPlatforms) = postSolution
		{B7B68995-894E-4E78-9F40-32DEBBF67EB1}.Debug|Any CPU.ActiveCfg = Debug|Any CPU
		{B7B68995-894E-4E78-9F40-32DEBBF67EB1}.Debug|Any CPU.Build.0 = Debug|Any CPU
		{B7B68995-894E-4E78-9F40-32DEBBF67EB1}.Release|Any CPU.ActiveCfg = Release|Any CPU
		{B7B68995-894E-4E78-9F40-32DEBBF67EB1}.Release|Any CPU.Build.0 = Release|Any CPU
		{AA019C1F-F078-42C1-AE3B-D1C3BA7EFBDE}.Debug|Any CPU.ActiveCfg = Debug|Any CPU
		{AA019C1F-F078-42C1-AE3B-D1C3BA7EFBDE}.Debug|Any CPU.Build.0 = Debug|Any CPU
		{AA019C1F-F078-42C1-AE3B-D1C3BA7EFBDE}.Release|Any CPU.ActiveCfg = Release|Any CPU
		{AA019C1F-F078-42C1-AE3B-D1C3BA7EFBDE}.Release|Any CPU.Build.0 = Release|Any CPU
	EndGlobalSection
	GlobalSection(SolutionProperties) = preSolution
		HideSolutionNode = FALSE
	EndGlobalSection
	GlobalSection(ExtensibilityGlobals) = postSolution
		SolutionGuid = {D45629AB-F3BC-4711-9D78-F44FD13A9BDD}
	EndGlobalSection
EndGlobal
